schema: '2.0'
stages:
  data_ingestion:
    cmd: python src/chickenDisease/pipeline/stage_01_data_ingestion.py
    deps:
    - path: config/config.yaml
      hash: md5
      md5: fd557909a0616d3a96e5fb8a0b46ca1e
      size: 790
    - path: src/chickenDisease/pipeline/stage_01_data_ingestion.py
      hash: md5
      md5: 66c2773db02a910ec0d731bda179b0ed
      size: 907
    outs:
    - path: artifacts/data_ingestion/Chicken-fecal-images
      hash: md5
      md5: 9e1f8dd2eae3c29e9d635df89d438ae4.dir
      size: 12207807
      nfiles: 390
  prepare_base_model:
    cmd: python src/chickenDisease/pipeline/stage_02_prepare_base_model.py
    deps:
    - path: config/config.yaml
      hash: md5
      md5: fd557909a0616d3a96e5fb8a0b46ca1e
      size: 790
    - path: src/chickenDisease/pipeline/stage_02_prepare_base_model.py
      hash: md5
      md5: 3d131f6e05116a859497616d66cc6653
      size: 1000
    params:
      params.yaml:
        CLASSES: 2
        IMAGE_SIZE:
        - 224
        - 224
        - 3
        INCLUDE_TOP: false
        LEARNING_RATE: 0.01
        WEIGHTS: imagenet
    outs:
    - path: artifacts/prepare_base_model
      hash: md5
      md5: c08ba78e4264ba941cd19e889ca0fbcf.dir
      size: 118060256
      nfiles: 2
  training:
    cmd: python src/chickenDisease/pipeline/stage_03_training.py
    deps:
    - path: artifacts/data_ingestion/Chicken-fecal-images
      hash: md5
      md5: 9e1f8dd2eae3c29e9d635df89d438ae4.dir
      size: 12207807
      nfiles: 390
    - path: artifacts/prepare_base_model
      hash: md5
      md5: c08ba78e4264ba941cd19e889ca0fbcf.dir
      size: 118060256
      nfiles: 2
    - path: config/config.yaml
      hash: md5
      md5: fd557909a0616d3a96e5fb8a0b46ca1e
      size: 790
    - path: src/chickenDisease/components/prepare_callbacks.py
      hash: md5
      md5: 83e30e619c6098290e1cf635a12e38e0
      size: 1136
    - path: src/chickenDisease/pipeline/stage_03_training.py
      hash: md5
      md5: acf72211f8d7b4602f75bbdcc5cc67f3
      size: 1252
    params:
      params.yaml:
        AUGMENTATION: true
        BATCH_SIZE: 16
        EPOCHS: 5
        IMAGE_SIZE:
        - 224
        - 224
        - 3
    outs:
    - path: artifacts/training/model.h5
      hash: md5
      md5: 383fe8037260e2a9fde879c606a8c8f6
      size: 59341240
  evaluation:
    cmd: python src/chickenDisease/pipeline/stage_04_evaluation.py
    deps:
    - path: artifacts/data_ingestion/Chicken-fecal-images
      hash: md5
      md5: 9e1f8dd2eae3c29e9d635df89d438ae4.dir
      size: 12207807
      nfiles: 390
    - path: artifacts/training/model.h5
      hash: md5
      md5: 383fe8037260e2a9fde879c606a8c8f6
      size: 59341240
    - path: config/config.yaml
      hash: md5
      md5: fd557909a0616d3a96e5fb8a0b46ca1e
      size: 790
    - path: src/chickenDisease/pipeline/stage_04_evaluation.py
      hash: md5
      md5: 277fc5cb543032049e04d12998d6c094
      size: 868
    params:
      params.yaml:
        BATCH_SIZE: 16
        IMAGE_SIZE:
        - 224
        - 224
        - 3
    outs:
    - path: scores.json
      hash: md5
      md5: cdf7e77e0b87662b7f342197f6a4d86c
      size: 72
